
Microsoft Visual Studio Solution File, Format Version 12.00
# Visual Studio Version 17
VisualStudioVersion = 17.6.33829.357
MinimumVisualStudioVersion = 10.0.40219.1
Project("{9A19103F-16F7-4668-BE54-9A1E7A4F7556}") = "ECommerceCheckoutAPI", "ECommerceCheckoutAPI\ECommerceCheckoutAPI.csproj", "{274E0746-2D71-4005-88FE-6AFD2EB5EB09}"
EndProject
Project("{9A19103F-16F7-4668-BE54-9A1E7A4F7556}") = "ECommerceCheckout.Domain", "ECommerceCheckout.Domain\ECommerceCheckout.Domain.csproj", "{B5BA2A9F-DB2B-44C6-96D8-AB3320B4CABE}"
EndProject
Project("{9A19103F-16F7-4668-BE54-9A1E7A4F7556}") = "ECommerceCheckout.Utilities", "ECommerceCheckout.Utilities\ECommerceCheckout.Utilities.csproj", "{42531FA7-9F03-498E-B678-28053C803B58}"
EndProject
Project("{2150E333-8FDC-42A3-9474-1A3956D46DE8}") = "Solution Items", "Solution Items", "{837D9EBF-A02C-413C-90E1-E62F24421442}"
	ProjectSection(SolutionItems) = preProject
		ReadMe.md = ReadMe.md
	EndProjectSection
EndProject
Project("{FAE04EC0-301F-11D3-BF4B-00C04F79EFBC}") = "ECommerceCheckout.Domain.Tests", "ECommerceCheckoutServices.Tests\ECommerceCheckout.Domain.Tests.csproj", "{E494A1DB-0896-4C08-B926-A8F20F87C7AD}"
EndProject
Global
	GlobalSection(SolutionConfigurationPlatforms) = preSolution
		Debug|Any CPU = Debug|Any CPU
		Release|Any CPU = Release|Any CPU
	EndGlobalSection
	GlobalSection(ProjectConfigurationPlatforms) = postSolution
		{274E0746-2D71-4005-88FE-6AFD2EB5EB09}.Debug|Any CPU.ActiveCfg = Debug|Any CPU
		{274E0746-2D71-4005-88FE-6AFD2EB5EB09}.Debug|Any CPU.Build.0 = Debug|Any CPU
		{274E0746-2D71-4005-88FE-6AFD2EB5EB09}.Release|Any CPU.ActiveCfg = Release|Any CPU
		{274E0746-2D71-4005-88FE-6AFD2EB5EB09}.Release|Any CPU.Build.0 = Release|Any CPU
		{B5BA2A9F-DB2B-44C6-96D8-AB3320B4CABE}.Debug|Any CPU.ActiveCfg = Debug|Any CPU
		{B5BA2A9F-DB2B-44C6-96D8-AB3320B4CABE}.Debug|Any CPU.Build.0 = Debug|Any CPU
		{B5BA2A9F-DB2B-44C6-96D8-AB3320B4CABE}.Release|Any CPU.ActiveCfg = Release|Any CPU
		{B5BA2A9F-DB2B-44C6-96D8-AB3320B4CABE}.Release|Any CPU.Build.0 = Release|Any CPU
		{42531FA7-9F03-498E-B678-28053C803B58}.Debug|Any CPU.ActiveCfg = Debug|Any CPU
		{42531FA7-9F03-498E-B678-28053C803B58}.Debug|Any CPU.Build.0 = Debug|Any CPU
		{42531FA7-9F03-498E-B678-28053C803B58}.Release|Any CPU.ActiveCfg = Release|Any CPU
		{42531FA7-9F03-498E-B678-28053C803B58}.Release|Any CPU.Build.0 = Release|Any CPU
		{E494A1DB-0896-4C08-B926-A8F20F87C7AD}.Debug|Any CPU.ActiveCfg = Debug|Any CPU
		{E494A1DB-0896-4C08-B926-A8F20F87C7AD}.Debug|Any CPU.Build.0 = Debug|Any CPU
		{E494A1DB-0896-4C08-B926-A8F20F87C7AD}.Release|Any CPU.ActiveCfg = Release|Any CPU
		{E494A1DB-0896-4C08-B926-A8F20F87C7AD}.Release|Any CPU.Build.0 = Release|Any CPU
	EndGlobalSection
	GlobalSection(SolutionProperties) = preSolution
		HideSolutionNode = FALSE
	EndGlobalSection
	GlobalSection(ExtensibilityGlobals) = postSolution
		SolutionGuid = {5A316555-B220-42A9-925A-EB2F79F57FFE}
	EndGlobalSection
EndGlobal
